
Microsoft Visual Studio Solution File, Format Version 12.00
# Visual Studio Version 17
VisualStudioVersion = 17.8.34330.188
MinimumVisualStudioVersion = 10.0.40219.1
Project("{FAE04EC0-301F-11D3-BF4B-00C04F79EFBC}") = "TD_ADONET", "TD_ADONET\TD_ADONET.csproj", "{2F6D5BEC-6F4A-4EE2-BA0E-0559617CE735}"
EndProject
Global
	GlobalSection(SolutionConfigurationPlatforms) = preSolution
		Debug|Any CPU = Debug|Any CPU
		Release|Any CPU = Release|Any CPU
	EndGlobalSection
	GlobalSection(ProjectConfigurationPlatforms) = postSolution
		{2F6D5BEC-6F4A-4EE2-BA0E-0559617CE735}.Debug|Any CPU.ActiveCfg = Debug|Any CPU
		{2F6D5BEC-6F4A-4EE2-BA0E-0559617CE735}.Debug|Any CPU.Build.0 = Debug|Any CPU
		{2F6D5BEC-6F4A-4EE2-BA0E-0559617CE735}.Release|Any CPU.ActiveCfg = Release|Any CPU
		{2F6D5BEC-6F4A-4EE2-BA0E-0559617CE735}.Release|Any CPU.Build.0 = Release|Any CPU
	EndGlobalSection
	GlobalSection(SolutionProperties) = preSolution
		HideSolutionNode = FALSE
	EndGlobalSection
	GlobalSection(ExtensibilityGlobals) = postSolution
		SolutionGuid = {66A9E5D8-C617-4F53-AA18-6C13CB5271D8}
	EndGlobalSection
EndGlobal
